
Microsoft Visual Studio Solution File, Format Version 12.00
# Visual Studio Version 17
VisualStudioVersion = 17.0.31903.59
MinimumVisualStudioVersion = 10.0.40219.1
Project("{FAE04EC0-301F-11D3-BF4B-00C04F79EFBC}") = "Plasticfiber.Api", "Plasticfiber.Api\Plasticfiber.Api.csproj", "{3C334BC4-5158-4BDC-9E60-852F86127D10}"
EndProject
Project("{FAE04EC0-301F-11D3-BF4B-00C04F79EFBC}") = "Plasticfiber.Api.Tests", "Plasticfiber.Api.Tests\Plasticfiber.Api.Tests.csproj", "{8E066CDD-B2A5-4DA6-8173-75AC35BF4F9B}"
EndProject
Global
	GlobalSection(SolutionConfigurationPlatforms) = preSolution
		Debug|Any CPU = Debug|Any CPU
		Release|Any CPU = Release|Any CPU
	EndGlobalSection
	GlobalSection(SolutionProperties) = preSolution
		HideSolutionNode = FALSE
	EndGlobalSection
	GlobalSection(ProjectConfigurationPlatforms) = postSolution
		{3C334BC4-5158-4BDC-9E60-852F86127D10}.Debug|Any CPU.ActiveCfg = Debug|Any CPU
		{3C334BC4-5158-4BDC-9E60-852F86127D10}.Debug|Any CPU.Build.0 = Debug|Any CPU
		{3C334BC4-5158-4BDC-9E60-852F86127D10}.Release|Any CPU.ActiveCfg = Release|Any CPU
		{3C334BC4-5158-4BDC-9E60-852F86127D10}.Release|Any CPU.Build.0 = Release|Any CPU
		{8E066CDD-B2A5-4DA6-8173-75AC35BF4F9B}.Debug|Any CPU.ActiveCfg = Debug|Any CPU
		{8E066CDD-B2A5-4DA6-8173-75AC35BF4F9B}.Debug|Any CPU.Build.0 = Debug|Any CPU
		{8E066CDD-B2A5-4DA6-8173-75AC35BF4F9B}.Release|Any CPU.ActiveCfg = Release|Any CPU
		{8E066CDD-B2A5-4DA6-8173-75AC35BF4F9B}.Release|Any CPU.Build.0 = Release|Any CPU
	EndGlobalSection
EndGlobal
